github.com/elazarl/goproxy v0.0.0-20190711103511-473e67f1d7d2 h1:aZtFdDNWY/yH86JPR2WX/PN63635VsE/f/nXNPAbYxY=
github.com/elazarl/goproxy v0.0.0-20190711103511-473e67f1d7d2/go.mod h1:/Zj4wYkgs4iZTTu3o/KG3Itv/qCCa8VVMlb3i9OVuzc=
github.com/elazarl/goproxy/ext v0.0.0-20190711103511-473e67f1d7d2 h1:dWB6v3RcOy03t/bUadywsbyrQwCqZeNIEX6M1OtSZOM=
github.com/elazarl/goproxy/ext v0.0.0-20190711103511-473e67f1d7d2/go.mod h1:gNh8nYJoAm43RfaxurUnxr+N1PwuFV3ZMl/efxlIlY8=
github.com/pkg/errors v0.8.1 h1:iURUrRGxPUNPdy5/HRSm+Yj6okJ6UtLINN0Q9M4+h3I=
github.com/pkg/errors v0.8.1/go.mod h1:bwawxfHBFNV+L2hUp1rHADufV3IMtnDRdf1r5NINEl0=
github.com/rogpeppe/go-charset v0.0.0-20180617210344-2471d30d28b4/go.mod h1:qgYeAmZ5ZIpBWTGllZSQnw97Dj+woV0toclVaRGI8pc=
github.com/xxzl0130/GF_cipher v0.0.0-20190907015110-5b0780208aaa h1:RvUGXbo9/NozN2qnDM+PPU+Wxlw4qI5IWrmuA8S/IVI=
github.com/xxzl0130/GF_cipher v0.0.0-20190907015110-5b0780208aaa/go.mod h1:WrUcKdPq2VHV5a7cNkrZJNc3aZY9ocXqm+rjQw3fRqo=
github.com/xxzl0130/GF_cipher v0.0.0-20190907020539-637936399345 h1:15gFN7JWJsWPeQEHQ8SPHe4lvLAYxyI32OEa4KmhylY=
github.com/xxzl0130/GF_cipher v0.0.0-20190907020539-637936399345/go.mod h1:WrUcKdPq2VHV5a7cNkrZJNc3aZY9ocXqm+rjQw3fRqo=
github.com/xxzl0130/GF_cipher v0.0.0-20190907020816-f4b10a66d33c h1:VP8m/3bA9mYRBi9lsz7G4heclNZTz/MZ6Q9eoTJxDpI=
github.com/xxzl0130/GF_cipher v0.0.0-20190907020816-f4b10a66d33c/go.mod h1:WrUcKdPq2VHV5a7cNkrZJNc3aZY9ocXqm+rjQw3fRqo=
